
Microsoft Visual Studio Solution File, Format Version 12.00
# Visual Studio 15
VisualStudioVersion = 15.0.26730.16
MinimumVisualStudioVersion = 10.0.40219.1
Project("{9A19103F-16F7-4668-BE54-9A1E7A4F7556}") = "DownsizeNet", "Downsize.Net\DownsizeNet.csproj", "{19415154-7FBE-4441-BA6F-396C74477F63}"
EndProject
Project("{9A19103F-16F7-4668-BE54-9A1E7A4F7556}") = "UnitTest", "UnitTest\UnitTest.csproj", "{C786E7A5-97A5-4621-8A55-814B67E936F1}"
EndProject
Global
	GlobalSection(SolutionConfigurationPlatforms) = preSolution
		Debug|Any CPU = Debug|Any CPU
		Release|Any CPU = Release|Any CPU
	EndGlobalSection
	GlobalSection(ProjectConfigurationPlatforms) = postSolution
		{19415154-7FBE-4441-BA6F-396C74477F63}.Debug|Any CPU.ActiveCfg = Debug|Any CPU
		{19415154-7FBE-4441-BA6F-396C74477F63}.Debug|Any CPU.Build.0 = Debug|Any CPU
		{19415154-7FBE-4441-BA6F-396C74477F63}.Release|Any CPU.ActiveCfg = Release|Any CPU
		{19415154-7FBE-4441-BA6F-396C74477F63}.Release|Any CPU.Build.0 = Release|Any CPU
		{C786E7A5-97A5-4621-8A55-814B67E936F1}.Debug|Any CPU.ActiveCfg = Debug|Any CPU
		{C786E7A5-97A5-4621-8A55-814B67E936F1}.Debug|Any CPU.Build.0 = Debug|Any CPU
		{C786E7A5-97A5-4621-8A55-814B67E936F1}.Release|Any CPU.ActiveCfg = Release|Any CPU
		{C786E7A5-97A5-4621-8A55-814B67E936F1}.Release|Any CPU.Build.0 = Release|Any CPU
	EndGlobalSection
	GlobalSection(SolutionProperties) = preSolution
		HideSolutionNode = FALSE
	EndGlobalSection
	GlobalSection(ExtensibilityGlobals) = postSolution
		SolutionGuid = {89B794B4-2DD9-4043-A1CA-86657E7306B4}
	EndGlobalSection
EndGlobal
